// !$*UTF8*$!
{
	archiveVersion = 1;
	classes = {
	};
	objectVersion = 56;
	objects = {

/* Begin PBXBuildFile section */
		1207FBAF2D0D38BC00FD50D4 /* TyForUnpaidOrder.swift in Sources */ = {isa = PBXBuildFile; fileRef = 1207FBAE2D0D38BC00FD50D4 /* TyForUnpaidOrder.swift */; };
		1207FBB12D0D38F600FD50D4 /* PaymentFailed.swift in Sources */ = {isa = PBXBuildFile; fileRef = 1207FBB02D0D38F600FD50D4 /* PaymentFailed.swift */; };
		1207FBB32D0D391200FD50D4 /* SomethingWentWrong.swift in Sources */ = {isa = PBXBuildFile; fileRef = 1207FBB22D0D391200FD50D4 /* SomethingWentWrong.swift */; };
		122906C62D0817F40034A8FA /* StartScreen.swift in Sources */ = {isa = PBXBuildFile; fileRef = 122906C52D0817F40034A8FA /* StartScreen.swift */; };
		123441792D08310500998813 /* OrderCancel.swift in Sources */ = {isa = PBXBuildFile; fileRef = 123441782D08310500998813 /* OrderCancel.swift */; };
		1239B91F2D0C77CA008EAA82 /* TyForOrder.swift in Sources */ = {isa = PBXBuildFile; fileRef = 1239B91E2D0C77CA008EAA82 /* TyForOrder.swift */; };
		124E5CA22D095ECE00AE0AE5 /* Purchase.swift in Sources */ = {isa = PBXBuildFile; fileRef = 124E5CA12D095ECE00AE0AE5 /* Purchase.swift */; };
		124E5CA42D0989A700AE0AE5 /* OrderContent.swift in Sources */ = {isa = PBXBuildFile; fileRef = 124E5CA32D0989A700AE0AE5 /* OrderContent.swift */; };
		126740CA2CCCC0A700473106 /* OrderStruct.swift in Sources */ = {isa = PBXBuildFile; fileRef = 126740C92CCCC0A700473106 /* OrderStruct.swift */; };
		127790DC2CD1EF64001E1CC6 /* ProductReviewCell.swift in Sources */ = {isa = PBXBuildFile; fileRef = 127790DB2CD1EF64001E1CC6 /* ProductReviewCell.swift */; };
		127790DE2CD1F392001E1CC6 /* RatingCell.swift in Sources */ = {isa = PBXBuildFile; fileRef = 127790DD2CD1F391001E1CC6 /* RatingCell.swift */; };
		127790E02CD2151A001E1CC6 /* InputCell.swift in Sources */ = {isa = PBXBuildFile; fileRef = 127790DF2CD2151A001E1CC6 /* InputCell.swift */; };
		127790E22CD226F8001E1CC6 /* SendReviewCell.swift in Sources */ = {isa = PBXBuildFile; fileRef = 127790E12CD226F8001E1CC6 /* SendReviewCell.swift */; };
		1277F68D2CD4977500961FB6 /* PhotoCollectionCell.swift in Sources */ = {isa = PBXBuildFile; fileRef = 1277F68C2CD4977500961FB6 /* PhotoCollectionCell.swift */; };
		129B01C92D0C5D3500C5446D /* OrderCalculations.swift in Sources */ = {isa = PBXBuildFile; fileRef = 129B01C82D0C5D3500C5446D /* OrderCalculations.swift */; };
		12AAD96A2CCCDA0B002A81FB /* AddPromocodeViewController.swift in Sources */ = {isa = PBXBuildFile; fileRef = 12AAD9692CCCDA0B002A81FB /* AddPromocodeViewController.swift */; };
		12AAD96C2CD0B2AD002A81FB /* ProductSelectionViewController.swift in Sources */ = {isa = PBXBuildFile; fileRef = 12AAD96B2CD0B2AD002A81FB /* ProductSelectionViewController.swift */; };
		12AAD96E2CD0B2F1002A81FB /* ProductReviewViewController.swift in Sources */ = {isa = PBXBuildFile; fileRef = 12AAD96D2CD0B2F1002A81FB /* ProductReviewViewController.swift */; };
		12AAD9702CD0C8AA002A81FB /* ProductSelectionViewModel.swift in Sources */ = {isa = PBXBuildFile; fileRef = 12AAD96F2CD0C8AA002A81FB /* ProductSelectionViewModel.swift */; };
		12AAD9722CD0C8D7002A81FB /* ProductStruct.swift in Sources */ = {isa = PBXBuildFile; fileRef = 12AAD9712CD0C8D7002A81FB /* ProductStruct.swift */; };
		12AAD9742CD0D863002A81FB /* ProductCell.swift in Sources */ = {isa = PBXBuildFile; fileRef = 12AAD9732CD0D863002A81FB /* ProductCell.swift */; };
		12C467C22CBE3E7300F64B5C /* AppDelegate.swift in Sources */ = {isa = PBXBuildFile; fileRef = 12C467C12CBE3E7300F64B5C /* AppDelegate.swift */; };
		12C467C42CBE3E7300F64B5C /* SceneDelegate.swift in Sources */ = {isa = PBXBuildFile; fileRef = 12C467C32CBE3E7300F64B5C /* SceneDelegate.swift */; };
		12C467C62CBE3E7300F64B5C /* ViewController.swift in Sources */ = {isa = PBXBuildFile; fileRef = 12C467C52CBE3E7300F64B5C /* ViewController.swift */; };
		12C467CB2CBE3E7500F64B5C /* Assets.xcassets in Resources */ = {isa = PBXBuildFile; fileRef = 12C467CA2CBE3E7500F64B5C /* Assets.xcassets */; };
		12C4CB5E2CC7ABF600469B27 /* ViewModel.swift in Sources */ = {isa = PBXBuildFile; fileRef = 12C4CB5D2CC7ABF600469B27 /* ViewModel.swift */; };
		12C4CB622CC7C55300469B27 /* ButtonsClicks.swift in Sources */ = {isa = PBXBuildFile; fileRef = 12C4CB612CC7C55300469B27 /* ButtonsClicks.swift */; };
		12DB98622D0AA83B000910BC /* PromocodeView.swift in Sources */ = {isa = PBXBuildFile; fileRef = 12DB98612D0AA83B000910BC /* PromocodeView.swift */; };
/* End PBXBuildFile section */

/* Begin PBXFileReference section */
		1207FBAE2D0D38BC00FD50D4 /* TyForUnpaidOrder.swift */ = {isa = PBXFileReference; lastKnownFileType = sourcecode.swift; path = TyForUnpaidOrder.swift; sourceTree = "<group>"; };
		1207FBB02D0D38F600FD50D4 /* PaymentFailed.swift */ = {isa = PBXFileReference; lastKnownFileType = sourcecode.swift; path = PaymentFailed.swift; sourceTree = "<group>"; };
		1207FBB22D0D391200FD50D4 /* SomethingWentWrong.swift */ = {isa = PBXFileReference; lastKnownFileType = sourcecode.swift; path = SomethingWentWrong.swift; sourceTree = "<group>"; };
		122906C52D0817F40034A8FA /* StartScreen.swift */ = {isa = PBXFileReference; lastKnownFileType = sourcecode.swift; path = StartScreen.swift; sourceTree = "<group>"; };
		123441782D08310500998813 /* OrderCancel.swift */ = {isa = PBXFileReference; lastKnownFileType = sourcecode.swift; path = OrderCancel.swift; sourceTree = "<group>"; };
		1239B91E2D0C77CA008EAA82 /* TyForOrder.swift */ = {isa = PBXFileReference; lastKnownFileType = sourcecode.swift; path = TyForOrder.swift; sourceTree = "<group>"; };
		124E5CA12D095ECE00AE0AE5 /* Purchase.swift */ = {isa = PBXFileReference; lastKnownFileType = sourcecode.swift; path = Purchase.swift; sourceTree = "<group>"; };
		124E5CA32D0989A700AE0AE5 /* OrderContent.swift */ = {isa = PBXFileReference; lastKnownFileType = sourcecode.swift; path = OrderContent.swift; sourceTree = "<group>"; };
		126740C92CCCC0A700473106 /* OrderStruct.swift */ = {isa = PBXFileReference; lastKnownFileType = sourcecode.swift; path = OrderStruct.swift; sourceTree = "<group>"; };
		127790DB2CD1EF64001E1CC6 /* ProductReviewCell.swift */ = {isa = PBXFileReference; lastKnownFileType = sourcecode.swift; path = ProductReviewCell.swift; sourceTree = "<group>"; };
		127790DD2CD1F391001E1CC6 /* RatingCell.swift */ = {isa = PBXFileReference; lastKnownFileType = sourcecode.swift; path = RatingCell.swift; sourceTree = "<group>"; };
		127790DF2CD2151A001E1CC6 /* InputCell.swift */ = {isa = PBXFileReference; lastKnownFileType = sourcecode.swift; path = InputCell.swift; sourceTree = "<group>"; };
		127790E12CD226F8001E1CC6 /* SendReviewCell.swift */ = {isa = PBXFileReference; lastKnownFileType = sourcecode.swift; path = SendReviewCell.swift; sourceTree = "<group>"; };
		1277F68C2CD4977500961FB6 /* PhotoCollectionCell.swift */ = {isa = PBXFileReference; lastKnownFileType = sourcecode.swift; path = PhotoCollectionCell.swift; sourceTree = "<group>"; };
		129B01C82D0C5D3500C5446D /* OrderCalculations.swift */ = {isa = PBXFileReference; lastKnownFileType = sourcecode.swift; path = OrderCalculations.swift; sourceTree = "<group>"; };
		12AAD9692CCCDA0B002A81FB /* AddPromocodeViewController.swift */ = {isa = PBXFileReference; lastKnownFileType = sourcecode.swift; path = AddPromocodeViewController.swift; sourceTree = "<group>"; };
		12AAD96B2CD0B2AD002A81FB /* ProductSelectionViewController.swift */ = {isa = PBXFileReference; lastKnownFileType = sourcecode.swift; path = ProductSelectionViewController.swift; sourceTree = "<group>"; };
		12AAD96D2CD0B2F1002A81FB /* ProductReviewViewController.swift */ = {isa = PBXFileReference; lastKnownFileType = sourcecode.swift; path = ProductReviewViewController.swift; sourceTree = "<group>"; };
		12AAD96F2CD0C8AA002A81FB /* ProductSelectionViewModel.swift */ = {isa = PBXFileReference; lastKnownFileType = sourcecode.swift; path = ProductSelectionViewModel.swift; sourceTree = "<group>"; };
		12AAD9712CD0C8D7002A81FB /* ProductStruct.swift */ = {isa = PBXFileReference; lastKnownFileType = sourcecode.swift; path = ProductStruct.swift; sourceTree = "<group>"; };
		12AAD9732CD0D863002A81FB /* ProductCell.swift */ = {isa = PBXFileReference; lastKnownFileType = sourcecode.swift; path = ProductCell.swift; sourceTree = "<group>"; };
		12C467BE2CBE3E7300F64B5C /* Order.app */ = {isa = PBXFileReference; explicitFileType = wrapper.application; includeInIndex = 0; path = Order.app; sourceTree = BUILT_PRODUCTS_DIR; };
		12C467C12CBE3E7300F64B5C /* AppDelegate.swift */ = {isa = PBXFileReference; lastKnownFileType = sourcecode.swift; path = AppDelegate.swift; sourceTree = "<group>"; };
		12C467C32CBE3E7300F64B5C /* SceneDelegate.swift */ = {isa = PBXFileReference; lastKnownFileType = sourcecode.swift; path = SceneDelegate.swift; sourceTree = "<group>"; };
		12C467C52CBE3E7300F64B5C /* ViewController.swift */ = {isa = PBXFileReference; lastKnownFileType = sourcecode.swift; path = ViewController.swift; sourceTree = "<group>"; };
		12C467CA2CBE3E7500F64B5C /* Assets.xcassets */ = {isa = PBXFileReference; lastKnownFileType = folder.assetcatalog; path = Assets.xcassets; sourceTree = "<group>"; };
		12C467CF2CBE3E7500F64B5C /* Info.plist */ = {isa = PBXFileReference; lastKnownFileType = text.plist.xml; path = Info.plist; sourceTree = "<group>"; };
		12C4CB5D2CC7ABF600469B27 /* ViewModel.swift */ = {isa = PBXFileReference; lastKnownFileType = sourcecode.swift; path = ViewModel.swift; sourceTree = "<group>"; };
		12C4CB612CC7C55300469B27 /* ButtonsClicks.swift */ = {isa = PBXFileReference; lastKnownFileType = sourcecode.swift; path = ButtonsClicks.swift; sourceTree = "<group>"; };
		12DB98612D0AA83B000910BC /* PromocodeView.swift */ = {isa = PBXFileReference; lastKnownFileType = sourcecode.swift; path = PromocodeView.swift; sourceTree = "<group>"; };
/* End PBXFileReference section */

/* Begin PBXFrameworksBuildPhase section */
		12C467BB2CBE3E7300F64B5C /* Frameworks */ = {
			isa = PBXFrameworksBuildPhase;
			buildActionMask = 2147483647;
			files = (
			);
			runOnlyForDeploymentPostprocessing = 0;
		};
/* End PBXFrameworksBuildPhase section */

/* Begin PBXGroup section */
		1207FBB42D0D550C00FD50D4 /* Purchase */ = {
			isa = PBXGroup;
			children = (
				123441782D08310500998813 /* OrderCancel.swift */,
				124E5CA12D095ECE00AE0AE5 /* Purchase.swift */,
				12DB98612D0AA83B000910BC /* PromocodeView.swift */,
				124E5CA32D0989A700AE0AE5 /* OrderContent.swift */,
				129B01C82D0C5D3500C5446D /* OrderCalculations.swift */,
				1207FBB02D0D38F600FD50D4 /* PaymentFailed.swift */,
				1207FBB22D0D391200FD50D4 /* SomethingWentWrong.swift */,
				1239B91E2D0C77CA008EAA82 /* TyForOrder.swift */,
				1207FBAE2D0D38BC00FD50D4 /* TyForUnpaidOrder.swift */,
			);
			path = Purchase;
			sourceTree = "<group>";
		};
		127790E32CD23F3F001E1CC6 /* Promocodes */ = {
			isa = PBXGroup;
			children = (
				12AAD9692CCCDA0B002A81FB /* AddPromocodeViewController.swift */,
				12C4CB612CC7C55300469B27 /* ButtonsClicks.swift */,
				126740C92CCCC0A700473106 /* OrderStruct.swift */,
				12C4CB5D2CC7ABF600469B27 /* ViewModel.swift */,
				12C467C52CBE3E7300F64B5C /* ViewController.swift */,
			);
			path = Promocodes;
			sourceTree = "<group>";
		};
		127790E42CD23F9F001E1CC6 /* Review */ = {
			isa = PBXGroup;
			children = (
				12AAD96B2CD0B2AD002A81FB /* ProductSelectionViewController.swift */,
				12AAD96F2CD0C8AA002A81FB /* ProductSelectionViewModel.swift */,
				12AAD9732CD0D863002A81FB /* ProductCell.swift */,
				127790DB2CD1EF64001E1CC6 /* ProductReviewCell.swift */,
				12AAD9712CD0C8D7002A81FB /* ProductStruct.swift */,
				1277F68C2CD4977500961FB6 /* PhotoCollectionCell.swift */,
				127790DD2CD1F391001E1CC6 /* RatingCell.swift */,
				127790E12CD226F8001E1CC6 /* SendReviewCell.swift */,
				127790DF2CD2151A001E1CC6 /* InputCell.swift */,
				12AAD96D2CD0B2F1002A81FB /* ProductReviewViewController.swift */,
			);
			path = Review;
			sourceTree = "<group>";
		};
		12C467B52CBE3E7200F64B5C = {
			isa = PBXGroup;
			children = (
				12C467C02CBE3E7300F64B5C /* Order */,
				12C467BF2CBE3E7300F64B5C /* Products */,
			);
			sourceTree = "<group>";
		};
		12C467BF2CBE3E7300F64B5C /* Products */ = {
			isa = PBXGroup;
			children = (
				12C467BE2CBE3E7300F64B5C /* Order.app */,
			);
			name = Products;
			sourceTree = "<group>";
		};
		12C467C02CBE3E7300F64B5C /* Order */ = {
			isa = PBXGroup;
			children = (
				12C467C12CBE3E7300F64B5C /* AppDelegate.swift */,
				12C467C32CBE3E7300F64B5C /* SceneDelegate.swift */,
				127790E32CD23F3F001E1CC6 /* Promocodes */,
				127790E42CD23F9F001E1CC6 /* Review */,
				122906C52D0817F40034A8FA /* StartScreen.swift */,
				1207FBB42D0D550C00FD50D4 /* Purchase */,
				12C467CA2CBE3E7500F64B5C /* Assets.xcassets */,
				12C467CF2CBE3E7500F64B5C /* Info.plist */,
			);
			path = Order;
			sourceTree = "<group>";
		};
/* End PBXGroup section */

/* Begin PBXNativeTarget section */
		12C467BD2CBE3E7300F64B5C /* Order */ = {
			isa = PBXNativeTarget;
			buildConfigurationList = 12C467D22CBE3E7500F64B5C /* Build configuration list for PBXNativeTarget "Order" */;
			buildPhases = (
				12C467BA2CBE3E7300F64B5C /* Sources */,
				12C467BB2CBE3E7300F64B5C /* Frameworks */,
				12C467BC2CBE3E7300F64B5C /* Resources */,
			);
			buildRules = (
			);
			dependencies = (
			);
			name = Order;
			productName = Order;
			productReference = 12C467BE2CBE3E7300F64B5C /* Order.app */;
			productType = "com.apple.product-type.application";
		};
/* End PBXNativeTarget section */

/* Begin PBXProject section */
		12C467B62CBE3E7200F64B5C /* Project object */ = {
			isa = PBXProject;
			attributes = {
				BuildIndependentTargetsInParallel = 1;
				LastSwiftUpdateCheck = 1520;
				LastUpgradeCheck = 1520;
				TargetAttributes = {
					12C467BD2CBE3E7300F64B5C = {
						CreatedOnToolsVersion = 15.2;
					};
				};
			};
			buildConfigurationList = 12C467B92CBE3E7200F64B5C /* Build configuration list for PBXProject "Order" */;
			compatibilityVersion = "Xcode 14.0";
			developmentRegion = en;
			hasScannedForEncodings = 0;
			knownRegions = (
				en,
				Base,
			);
			mainGroup = 12C467B52CBE3E7200F64B5C;
			productRefGroup = 12C467BF2CBE3E7300F64B5C /* Products */;
			projectDirPath = "";
			projectRoot = "";
			targets = (
				12C467BD2CBE3E7300F64B5C /* Order */,
			);
		};
/* End PBXProject section */

/* Begin PBXResourcesBuildPhase section */
		12C467BC2CBE3E7300F64B5C /* Resources */ = {
			isa = PBXResourcesBuildPhase;
			buildActionMask = 2147483647;
			files = (
				12C467CB2CBE3E7500F64B5C /* Assets.xcassets in Resources */,
			);
			runOnlyForDeploymentPostprocessing = 0;
		};
/* End PBXResourcesBuildPhase section */

/* Begin PBXSourcesBuildPhase section */
		12C467BA2CBE3E7300F64B5C /* Sources */ = {
			isa = PBXSourcesBuildPhase;
			buildActionMask = 2147483647;
			files = (
				12C467C62CBE3E7300F64B5C /* ViewController.swift in Sources */,
				124E5CA42D0989A700AE0AE5 /* OrderContent.swift in Sources */,
				126740CA2CCCC0A700473106 /* OrderStruct.swift in Sources */,
				1207FBB12D0D38F600FD50D4 /* PaymentFailed.swift in Sources */,
				1207FBAF2D0D38BC00FD50D4 /* TyForUnpaidOrder.swift in Sources */,
				12DB98622D0AA83B000910BC /* PromocodeView.swift in Sources */,
				1207FBB32D0D391200FD50D4 /* SomethingWentWrong.swift in Sources */,
				12AAD96E2CD0B2F1002A81FB /* ProductReviewViewController.swift in Sources */,
				127790DC2CD1EF64001E1CC6 /* ProductReviewCell.swift in Sources */,
				12C467C22CBE3E7300F64B5C /* AppDelegate.swift in Sources */,
				12AAD9742CD0D863002A81FB /* ProductCell.swift in Sources */,
				12AAD9722CD0C8D7002A81FB /* ProductStruct.swift in Sources */,
				12C4CB5E2CC7ABF600469B27 /* ViewModel.swift in Sources */,
				123441792D08310500998813 /* OrderCancel.swift in Sources */,
				1239B91F2D0C77CA008EAA82 /* TyForOrder.swift in Sources */,
				12AAD96C2CD0B2AD002A81FB /* ProductSelectionViewController.swift in Sources */,
				127790DE2CD1F392001E1CC6 /* RatingCell.swift in Sources */,
				1277F68D2CD4977500961FB6 /* PhotoCollectionCell.swift in Sources */,
				127790E02CD2151A001E1CC6 /* InputCell.swift in Sources */,
				12C4CB622CC7C55300469B27 /* ButtonsClicks.swift in Sources */,
				12C467C42CBE3E7300F64B5C /* SceneDelegate.swift in Sources */,
				122906C62D0817F40034A8FA /* StartScreen.swift in Sources */,
				124E5CA22D095ECE00AE0AE5 /* Purchase.swift in Sources */,
				129B01C92D0C5D3500C5446D /* OrderCalculations.swift in Sources */,
				127790E22CD226F8001E1CC6 /* SendReviewCell.swift in Sources */,
				12AAD96A2CCCDA0B002A81FB /* AddPromocodeViewController.swift in Sources */,
				12AAD9702CD0C8AA002A81FB /* ProductSelectionViewModel.swift in Sources */,
			);
			runOnlyForDeploymentPostprocessing = 0;
		};
/* End PBXSourcesBuildPhase section */

/* Begin XCBuildConfiguration section */
		12C467D02CBE3E7500F64B5C /* Debug */ = {
			isa = XCBuildConfiguration;
			buildSettings = {
				ALWAYS_SEARCH_USER_PATHS = NO;
				ASSETCATALOG_COMPILER_GENERATE_SWIFT_ASSET_SYMBOL_EXTENSIONS = YES;
				CLANG_ANALYZER_NONNULL = YES;
				CLANG_ANALYZER_NUMBER_OBJECT_CONVERSION = YES_AGGRESSIVE;
				CLANG_CXX_LANGUAGE_STANDARD = "gnu++20";
				CLANG_ENABLE_MODULES = YES;
				CLANG_ENABLE_OBJC_ARC = YES;
				CLANG_ENABLE_OBJC_WEAK = YES;
				CLANG_WARN_BLOCK_CAPTURE_AUTORELEASING = YES;
				CLANG_WARN_BOOL_CONVERSION = YES;
				CLANG_WARN_COMMA = YES;
				CLANG_WARN_CONSTANT_CONVERSION = YES;
				CLANG_WARN_DEPRECATED_OBJC_IMPLEMENTATIONS = YES;
				CLANG_WARN_DIRECT_OBJC_ISA_USAGE = YES_ERROR;
				CLANG_WARN_DOCUMENTATION_COMMENTS = YES;
				CLANG_WARN_EMPTY_BODY = YES;
				CLANG_WARN_ENUM_CONVERSION = YES;
				CLANG_WARN_INFINITE_RECURSION = YES;
				CLANG_WARN_INT_CONVERSION = YES;
				CLANG_WARN_NON_LITERAL_NULL_CONVERSION = YES;
				CLANG_WARN_OBJC_IMPLICIT_RETAIN_SELF = YES;
				CLANG_WARN_OBJC_LITERAL_CONVERSION = YES;
				CLANG_WARN_OBJC_ROOT_CLASS = YES_ERROR;
				CLANG_WARN_QUOTED_INCLUDE_IN_FRAMEWORK_HEADER = YES;
				CLANG_WARN_RANGE_LOOP_ANALYSIS = YES;
				CLANG_WARN_STRICT_PROTOTYPES = YES;
				CLANG_WARN_SUSPICIOUS_MOVE = YES;
				CLANG_WARN_UNGUARDED_AVAILABILITY = YES_AGGRESSIVE;
				CLANG_WARN_UNREACHABLE_CODE = YES;
				CLANG_WARN__DUPLICATE_METHOD_MATCH = YES;
				COPY_PHASE_STRIP = NO;
				DEBUG_INFORMATION_FORMAT = dwarf;
				ENABLE_STRICT_OBJC_MSGSEND = YES;
				ENABLE_TESTABILITY = YES;
				ENABLE_USER_SCRIPT_SANDBOXING = YES;
				GCC_C_LANGUAGE_STANDARD = gnu17;
				GCC_DYNAMIC_NO_PIC = NO;
				GCC_NO_COMMON_BLOCKS = YES;
				GCC_OPTIMIZATION_LEVEL = 0;
				GCC_PREPROCESSOR_DEFINITIONS = (
					"DEBUG=1",
					"$(inherited)",
				);
				GCC_WARN_64_TO_32_BIT_CONVERSION = YES;
				GCC_WARN_ABOUT_RETURN_TYPE = YES_ERROR;
				GCC_WARN_UNDECLARED_SELECTOR = YES;
				GCC_WARN_UNINITIALIZED_AUTOS = YES_AGGRESSIVE;
				GCC_WARN_UNUSED_FUNCTION = YES;
				GCC_WARN_UNUSED_VARIABLE = YES;
				IPHONEOS_DEPLOYMENT_TARGET = 17.2;
				LOCALIZATION_PREFERS_STRING_CATALOGS = YES;
				MTL_ENABLE_DEBUG_INFO = INCLUDE_SOURCE;
				MTL_FAST_MATH = YES;
				ONLY_ACTIVE_ARCH = YES;
				SDKROOT = iphoneos;
				SWIFT_ACTIVE_COMPILATION_CONDITIONS = "DEBUG $(inherited)";
				SWIFT_OPTIMIZATION_LEVEL = "-Onone";
			};
			name = Debug;
		};
		12C467D12CBE3E7500F64B5C /* Release */ = {
			isa = XCBuildConfiguration;
			buildSettings = {
				ALWAYS_SEARCH_USER_PATHS = NO;
				ASSETCATALOG_COMPILER_GENERATE_SWIFT_ASSET_SYMBOL_EXTENSIONS = YES;
				CLANG_ANALYZER_NONNULL = YES;
				CLANG_ANALYZER_NUMBER_OBJECT_CONVERSION = YES_AGGRESSIVE;
				CLANG_CXX_LANGUAGE_STANDARD = "gnu++20";
				CLANG_ENABLE_MODULES = YES;
				CLANG_ENABLE_OBJC_ARC = YES;
				CLANG_ENABLE_OBJC_WEAK = YES;
				CLANG_WARN_BLOCK_CAPTURE_AUTORELEASING = YES;
				CLANG_WARN_BOOL_CONVERSION = YES;
				CLANG_WARN_COMMA = YES;
				CLANG_WARN_CONSTANT_CONVERSION = YES;
				CLANG_WARN_DEPRECATED_OBJC_IMPLEMENTATIONS = YES;
				CLANG_WARN_DIRECT_OBJC_ISA_USAGE = YES_ERROR;
				CLANG_WARN_DOCUMENTATION_COMMENTS = YES;
				CLANG_WARN_EMPTY_BODY = YES;
				CLANG_WARN_ENUM_CONVERSION = YES;
				CLANG_WARN_INFINITE_RECURSION = YES;
				CLANG_WARN_INT_CONVERSION = YES;
				CLANG_WARN_NON_LITERAL_NULL_CONVERSION = YES;
				CLANG_WARN_OBJC_IMPLICIT_RETAIN_SELF = YES;
				CLANG_WARN_OBJC_LITERAL_CONVERSION = YES;
				CLANG_WARN_OBJC_ROOT_CLASS = YES_ERROR;
				CLANG_WARN_QUOTED_INCLUDE_IN_FRAMEWORK_HEADER = YES;
				CLANG_WARN_RANGE_LOOP_ANALYSIS = YES;
				CLANG_WARN_STRICT_PROTOTYPES = YES;
				CLANG_WARN_SUSPICIOUS_MOVE = YES;
				CLANG_WARN_UNGUARDED_AVAILABILITY = YES_AGGRESSIVE;
				CLANG_WARN_UNREACHABLE_CODE = YES;
				CLANG_WARN__DUPLICATE_METHOD_MATCH = YES;
				COPY_PHASE_STRIP = NO;
				DEBUG_INFORMATION_FORMAT = "dwarf-with-dsym";
				ENABLE_NS_ASSERTIONS = NO;
				ENABLE_STRICT_OBJC_MSGSEND = YES;
				ENABLE_USER_SCRIPT_SANDBOXING = YES;
				GCC_C_LANGUAGE_STANDARD = gnu17;
				GCC_NO_COMMON_BLOCKS = YES;
				GCC_WARN_64_TO_32_BIT_CONVERSION = YES;
				GCC_WARN_ABOUT_RETURN_TYPE = YES_ERROR;
				GCC_WARN_UNDECLARED_SELECTOR = YES;
				GCC_WARN_UNINITIALIZED_AUTOS = YES_AGGRESSIVE;
				GCC_WARN_UNUSED_FUNCTION = YES;
				GCC_WARN_UNUSED_VARIABLE = YES;
				IPHONEOS_DEPLOYMENT_TARGET = 17.2;
				LOCALIZATION_PREFERS_STRING_CATALOGS = YES;
				MTL_ENABLE_DEBUG_INFO = NO;
				MTL_FAST_MATH = YES;
				SDKROOT = iphoneos;
				SWIFT_COMPILATION_MODE = wholemodule;
				VALIDATE_PRODUCT = YES;
			};
			name = Release;
		};
		12C467D32CBE3E7500F64B5C /* Debug */ = {
			isa = XCBuildConfiguration;
			buildSettings = {
				ASSETCATALOG_COMPILER_APPICON_NAME = AppIcon;
				ASSETCATALOG_COMPILER_GLOBAL_ACCENT_COLOR_NAME = AccentColor;
				CODE_SIGN_STYLE = Automatic;
				CURRENT_PROJECT_VERSION = 1;
				GENERATE_INFOPLIST_FILE = YES;
				INFOPLIST_FILE = Order/Info.plist;
				INFOPLIST_KEY_UIApplicationSupportsIndirectInputEvents = YES;
				INFOPLIST_KEY_UILaunchStoryboardName = LaunchScreen;
				INFOPLIST_KEY_UISupportedInterfaceOrientations_iPad = "UIInterfaceOrientationPortrait UIInterfaceOrientationPortraitUpsideDown UIInterfaceOrientationLandscapeLeft UIInterfaceOrientationLandscapeRight";
				INFOPLIST_KEY_UISupportedInterfaceOrientations_iPhone = "UIInterfaceOrientationPortrait UIInterfaceOrientationLandscapeLeft UIInterfaceOrientationLandscapeRight";
				LD_RUNPATH_SEARCH_PATHS = (
					"$(inherited)",
					"@executable_path/Frameworks",
				);
				MARKETING_VERSION = 1.0;
				PRODUCT_BUNDLE_IDENTIFIER = main.Order;
				PRODUCT_NAME = "$(TARGET_NAME)";
				SWIFT_EMIT_LOC_STRINGS = YES;
				SWIFT_VERSION = 5.0;
				TARGETED_DEVICE_FAMILY = "1,2";
			};
			name = Debug;
		};
		12C467D42CBE3E7500F64B5C /* Release */ = {
			isa = XCBuildConfiguration;
			buildSettings = {
				ASSETCATALOG_COMPILER_APPICON_NAME = AppIcon;
				ASSETCATALOG_COMPILER_GLOBAL_ACCENT_COLOR_NAME = AccentColor;
				CODE_SIGN_STYLE = Automatic;
				CURRENT_PROJECT_VERSION = 1;
				GENERATE_INFOPLIST_FILE = YES;
				INFOPLIST_FILE = Order/Info.plist;
				INFOPLIST_KEY_UIApplicationSupportsIndirectInputEvents = YES;
				INFOPLIST_KEY_UILaunchStoryboardName = LaunchScreen;
				INFOPLIST_KEY_UISupportedInterfaceOrientations_iPad = "UIInterfaceOrientationPortrait UIInterfaceOrientationPortraitUpsideDown UIInterfaceOrientationLandscapeLeft UIInterfaceOrientationLandscapeRight";
				INFOPLIST_KEY_UISupportedInterfaceOrientations_iPhone = "UIInterfaceOrientationPortrait UIInterfaceOrientationLandscapeLeft UIInterfaceOrientationLandscapeRight";
				LD_RUNPATH_SEARCH_PATHS = (
					"$(inherited)",
					"@executable_path/Frameworks",
				);
				MARKETING_VERSION = 1.0;
				PRODUCT_BUNDLE_IDENTIFIER = main.Order;
				PRODUCT_NAME = "$(TARGET_NAME)";
				SWIFT_EMIT_LOC_STRINGS = YES;
				SWIFT_VERSION = 5.0;
				TARGETED_DEVICE_FAMILY = "1,2";
			};
			name = Release;
		};
/* End XCBuildConfiguration section */

/* Begin XCConfigurationList section */
		12C467B92CBE3E7200F64B5C /* Build configuration list for PBXProject "Order" */ = {
			isa = XCConfigurationList;
			buildConfigurations = (
				12C467D02CBE3E7500F64B5C /* Debug */,
				12C467D12CBE3E7500F64B5C /* Release */,
			);
			defaultConfigurationIsVisible = 0;
			defaultConfigurationName = Release;
		};
		12C467D22CBE3E7500F64B5C /* Build configuration list for PBXNativeTarget "Order" */ = {
			isa = XCConfigurationList;
			buildConfigurations = (
				12C467D32CBE3E7500F64B5C /* Debug */,
				12C467D42CBE3E7500F64B5C /* Release */,
			);
			defaultConfigurationIsVisible = 0;
			defaultConfigurationName = Release;
		};
/* End XCConfigurationList section */
	};
	rootObject = 12C467B62CBE3E7200F64B5C /* Project object */;
}
